
Microsoft Visual Studio Solution File, Format Version 12.00
# Visual Studio Version 17
VisualStudioVersion = 17.1.32210.238
MinimumVisualStudioVersion = 10.0.40219.1
Project("{FAE04EC0-301F-11D3-BF4B-00C04F79EFBC}") = "Quack", "Quack\Quack.csproj", "{EF97E1EF-42F5-4494-A14E-1B7A6F1E1487}"
EndProject
Project("{FAE04EC0-301F-11D3-BF4B-00C04F79EFBC}") = "QuackTests", "QuackTests\QuackTests.csproj", "{BEAE331C-0096-44E2-A2C2-246A00F7FF67}"
EndProject
Global
	GlobalSection(SolutionConfigurationPlatforms) = preSolution
		Debug|Any CPU = Debug|Any CPU
		Release|Any CPU = Release|Any CPU
	EndGlobalSection
	GlobalSection(ProjectConfigurationPlatforms) = postSolution
		{EF97E1EF-42F5-4494-A14E-1B7A6F1E1487}.Debug|Any CPU.ActiveCfg = Debug|Any CPU
		{EF97E1EF-42F5-4494-A14E-1B7A6F1E1487}.Debug|Any CPU.Build.0 = Debug|Any CPU
		{EF97E1EF-42F5-4494-A14E-1B7A6F1E1487}.Release|Any CPU.ActiveCfg = Release|Any CPU
		{EF97E1EF-42F5-4494-A14E-1B7A6F1E1487}.Release|Any CPU.Build.0 = Release|Any CPU
		{BEAE331C-0096-44E2-A2C2-246A00F7FF67}.Debug|Any CPU.ActiveCfg = Debug|Any CPU
		{BEAE331C-0096-44E2-A2C2-246A00F7FF67}.Debug|Any CPU.Build.0 = Debug|Any CPU
		{BEAE331C-0096-44E2-A2C2-246A00F7FF67}.Release|Any CPU.ActiveCfg = Release|Any CPU
		{BEAE331C-0096-44E2-A2C2-246A00F7FF67}.Release|Any CPU.Build.0 = Release|Any CPU
	EndGlobalSection
	GlobalSection(SolutionProperties) = preSolution
		HideSolutionNode = FALSE
	EndGlobalSection
	GlobalSection(ExtensibilityGlobals) = postSolution
		SolutionGuid = {68083BF7-F6DC-4D05-B1E3-A90B58638217}
	EndGlobalSection
EndGlobal
